// !$*UTF8*$!
{
	archiveVersion = 1;
	classes = {
	};
	objectVersion = 46;
	objects = {

/* Begin PBXBuildFile section */
		C2DEF8B41E11845300AC372A /* AppDelegate.swift in Sources */ = {isa = PBXBuildFile; fileRef = C2DEF8B31E11845300AC372A /* AppDelegate.swift */; };
		C2DEF8B61E11845300AC372A /* ViewController.swift in Sources */ = {isa = PBXBuildFile; fileRef = C2DEF8B51E11845300AC372A /* ViewController.swift */; };
		C2DEF8B91E11845300AC372A /* Main.storyboard in Resources */ = {isa = PBXBuildFile; fileRef = C2DEF8B71E11845300AC372A /* Main.storyboard */; };
		C2DEF8BB1E11845300AC372A /* Assets.xcassets in Resources */ = {isa = PBXBuildFile; fileRef = C2DEF8BA1E11845300AC372A /* Assets.xcassets */; };
		C2DEF8BE1E11845300AC372A /* LaunchScreen.storyboard in Resources */ = {isa = PBXBuildFile; fileRef = C2DEF8BC1E11845300AC372A /* LaunchScreen.storyboard */; };
/* End PBXBuildFile section */

/* Begin PBXFileReference section */
		C2DEF8B01E11845300AC372A /* DestroyXandar.app */ = {isa = PBXFileReference; explicitFileType = wrapper.application; includeInIndex = 0; path = DestroyXandar.app; sourceTree = BUILT_PRODUCTS_DIR; };
		C2DEF8B31E11845300AC372A /* AppDelegate.swift */ = {isa = PBXFileReference; lastKnownFileType = sourcecode.swift; path = AppDelegate.swift; sourceTree = "<group>"; };
		C2DEF8B51E11845300AC372A /* ViewController.swift */ = {isa = PBXFileReference; lastKnownFileType = sourcecode.swift; path = ViewController.swift; sourceTree = "<group>"; };
		C2DEF8B81E11845300AC372A /* Base */ = {isa = PBXFileReference; lastKnownFileType = file.storyboard; name = Base; path = Base.lproj/Main.storyboard; sourceTree = "<group>"; };
		C2DEF8BA1E11845300AC372A /* Assets.xcassets */ = {isa = PBXFileReference; lastKnownFileType = folder.assetcatalog; path = Assets.xcassets; sourceTree = "<group>"; };
		C2DEF8BD1E11845300AC372A /* Base */ = {isa = PBXFileReference; lastKnownFileType = file.storyboard; name = Base; path = Base.lproj/LaunchScreen.storyboard; sourceTree = "<group>"; };
		C2DEF8BF1E11845300AC372A /* Info.plist */ = {isa = PBXFileReference; lastKnownFileType = text.plist.xml; path = Info.plist; sourceTree = "<group>"; };
/* End PBXFileReference section */

/* Begin PBXFrameworksBuildPhase section */
		C2DEF8AD1E11845200AC372A /* Frameworks */ = {
			isa = PBXFrameworksBuildPhase;
			buildActionMask = 2147483647;
			files = (
			);
			runOnlyForDeploymentPostprocessing = 0;
		};
/* End PBXFrameworksBuildPhase section */

/* Begin PBXGroup section */
		C2DEF8A71E11845200AC372A = {
			isa = PBXGroup;
			children = (
				C2DEF8B21E11845300AC372A /* DestroyXandar */,
				C2DEF8B11E11845300AC372A /* Products */,
			);
			sourceTree = "<group>";
		};
		C2DEF8B11E11845300AC372A /* Products */ = {
			isa = PBXGroup;
			children = (
				C2DEF8B01E11845300AC372A /* DestroyXandar.app */,
			);
			name = Products;
			sourceTree = "<group>";
		};
		C2DEF8B21E11845300AC372A /* DestroyXandar */ = {
			isa = PBXGroup;
			children = (
				C2DEF8B31E11845300AC372A /* AppDelegate.swift */,
				C2DEF8B51E11845300AC372A /* ViewController.swift */,
				C2DEF8B71E11845300AC372A /* Main.storyboard */,
				C2DEF8BA1E11845300AC372A /* Assets.xcassets */,
				C2DEF8BC1E11845300AC372A /* LaunchScreen.storyboard */,
				C2DEF8BF1E11845300AC372A /* Info.plist */,
			);
			path = DestroyXandar;
			sourceTree = "<group>";
		};
/* End PBXGroup section */

/* Begin PBXNativeTarget section */
		C2DEF8AF1E11845200AC372A /* DestroyXandar */ = {
			isa = PBXNativeTarget;
			buildConfigurationList = C2DEF8C21E11845300AC372A /* Build configuration list for PBXNativeTarget "DestroyXandar" */;
			buildPhases = (
				C2DEF8AC1E11845200AC372A /* Sources */,
				C2DEF8AD1E11845200AC372A /* Frameworks */,
				C2DEF8AE1E11845200AC372A /* Resources */,
			);
			buildRules = (
			);
			dependencies = (
			);
			name = DestroyXandar;
			productName = DestroyXandar;
			productReference = C2DEF8B01E11845300AC372A /* DestroyXandar.app */;
			productType = "com.apple.product-type.application";
		};
/* End PBXNativeTarget section */

/* Begin PBXProject section */
		C2DEF8A81E11845200AC372A /* Project object */ = {
			isa = PBXProject;
			attributes = {
				LastSwiftUpdateCheck = 0820;
				LastUpgradeCheck = 0820;
				ORGANIZATIONNAME = "Abdullah Elagha";
				TargetAttributes = {
					C2DEF8AF1E11845200AC372A = {
						CreatedOnToolsVersion = 8.2;
						ProvisioningStyle = Automatic;
					};
				};
			};
			buildConfigurationList = C2DEF8AB1E11845200AC372A /* Build configuration list for PBXProject "DestroyXandar" */;
			compatibilityVersion = "Xcode 3.2";
			developmentRegion = English;
			hasScannedForEncodings = 0;
			knownRegions = (
				en,
				Base,
			);
			mainGroup = C2DEF8A71E11845200AC372A;
			productRefGroup = C2DEF8B11E11845300AC372A /* Products */;
			projectDirPath = "";
			projectRoot = "";
			targets = (
				C2DEF8AF1E11845200AC372A /* DestroyXandar */,
			);
		};
/* End PBXProject section */

/* Begin PBXResourcesBuildPhase section */
		C2DEF8AE1E11845200AC372A /* Resources */ = {
			isa = PBXResourcesBuildPhase;
			buildActionMask = 2147483647;
			files = (
				C2DEF8BE1E11845300AC372A /* LaunchScreen.storyboard in Resources */,
				C2DEF8BB1E11845300AC372A /* Assets.xcassets in Resources */,
				C2DEF8B91E11845300AC372A /* Main.storyboard in Resources */,
			);
			runOnlyForDeploymentPostprocessing = 0;
		};
/* End PBXResourcesBuildPhase section */

/* Begin PBXSourcesBuildPhase section */
		C2DEF8AC1E11845200AC372A /* Sources */ = {
			isa = PBXSourcesBuildPhase;
			buildActionMask = 2147483647;
			files = (
				C2DEF8B61E11845300AC372A /* ViewController.swift in Sources */,
				C2DEF8B41E11845300AC372A /* AppDelegate.swift in Sources */,
			);
			runOnlyForDeploymentPostprocessing = 0;
		};
/* End PBXSourcesBuildPhase section */

/* Begin PBXVariantGroup section */
		C2DEF8B71E11845300AC372A /* Main.storyboard */ = {
			isa = PBXVariantGroup;
			children = (
				C2DEF8B81E11845300AC372A /* Base */,
			);
			name = Main.storyboard;
			sourceTree = "<group>";
		};
		C2DEF8BC1E11845300AC372A /* LaunchScreen.storyboard */ = {
			isa = PBXVariantGroup;
			children = (
				C2DEF8BD1E11845300AC372A /* Base */,
			);
			name = LaunchScreen.storyboard;
			sourceTree = "<group>";
		};
/* End PBXVariantGroup section */

/* Begin XCBuildConfiguration section */
		C2DEF8C01E11845300AC372A /* Debug */ = {
			isa = XCBuildConfiguration;
			buildSettings = {
				ALWAYS_SEARCH_USER_PATHS = NO;
				CLANG_ANALYZER_NONNULL = YES;
				CLANG_CXX_LANGUAGE_STANDARD = "gnu++0x";
				CLANG_CXX_LIBRARY = "libc++";
				CLANG_ENABLE_MODULES = YES;
				CLANG_ENABLE_OBJC_ARC = YES;
				CLANG_WARN_BOOL_CONVERSION = YES;
				CLANG_WARN_CONSTANT_CONVERSION = YES;
				CLANG_WARN_DIRECT_OBJC_ISA_USAGE = YES_ERROR;
				CLANG_WARN_DOCUMENTATION_COMMENTS = YES;
				CLANG_WARN_EMPTY_BODY = YES;
				CLANG_WARN_ENUM_CONVERSION = YES;
				CLANG_WARN_INFINITE_RECURSION = YES;
				CLANG_WARN_INT_CONVERSION = YES;
				CLANG_WARN_OBJC_ROOT_CLASS = YES_ERROR;
				CLANG_WARN_SUSPICIOUS_MOVE = YES;
				CLANG_WARN_UNREACHABLE_CODE = YES;
				CLANG_WARN__DUPLICATE_METHOD_MATCH = YES;
				"CODE_SIGN_IDENTITY[sdk=iphoneos*]" = "iPhone Developer";
				COPY_PHASE_STRIP = NO;
				DEBUG_INFORMATION_FORMAT = dwarf;
				ENABLE_STRICT_OBJC_MSGSEND = YES;
				ENABLE_TESTABILITY = YES;
				GCC_C_LANGUAGE_STANDARD = gnu99;
				GCC_DYNAMIC_NO_PIC = NO;
				GCC_NO_COMMON_BLOCKS = YES;
				GCC_OPTIMIZATION_LEVEL = 0;
				GCC_PREPROCESSOR_DEFINITIONS = (
					"DEBUG=1",
					"$(inherited)",
				);
				GCC_WARN_64_TO_32_BIT_CONVERSION = YES;
				GCC_WARN_ABOUT_RETURN_TYPE = YES_ERROR;
				GCC_WARN_UNDECLARED_SELECTOR = YES;
				GCC_WARN_UNINITIALIZED_AUTOS = YES_AGGRESSIVE;
				GCC_WARN_UNUSED_FUNCTION = YES;
				GCC_WARN_UNUSED_VARIABLE = YES;
				IPHONEOS_DEPLOYMENT_TARGET = 10.2;
				MTL_ENABLE_DEBUG_INFO = YES;
				ONLY_ACTIVE_ARCH = YES;
				SDKROOT = iphoneos;
				SWIFT_ACTIVE_COMPILATION_CONDITIONS = DEBUG;
				SWIFT_OPTIMIZATION_LEVEL = "-Onone";
				TARGETED_DEVICE_FAMILY = "1,2";
			};
			name = Debug;
		};
		C2DEF8C11E11845300AC372A /* Release */ = {
			isa = XCBuildConfiguration;
			buildSettings = {
				ALWAYS_SEARCH_USER_PATHS = NO;
				CLANG_ANALYZER_NONNULL = YES;
				CLANG_CXX_LANGUAGE_STANDARD = "gnu++0x";
				CLANG_CXX_LIBRARY = "libc++";
				CLANG_ENABLE_MODULES = YES;
				CLANG_ENABLE_OBJC_ARC = YES;
				CLANG_WARN_BOOL_CONVERSION = YES;
				CLANG_WARN_CONSTANT_CONVERSION = YES;
				CLANG_WARN_DIRECT_OBJC_ISA_USAGE = YES_ERROR;
				CLANG_WARN_DOCUMENTATION_COMMENTS = YES;
				CLANG_WARN_EMPTY_BODY = YES;
				CLANG_WARN_ENUM_CONVERSION = YES;
				CLANG_WARN_INFINITE_RECURSION = YES;
				CLANG_WARN_INT_CONVERSION = YES;
				CLANG_WARN_OBJC_ROOT_CLASS = YES_ERROR;
				CLANG_WARN_SUSPICIOUS_MOVE = YES;
				CLANG_WARN_UNREACHABLE_CODE = YES;
				CLANG_WARN__DUPLICATE_METHOD_MATCH = YES;
				"CODE_SIGN_IDENTITY[sdk=iphoneos*]" = "iPhone Developer";
				COPY_PHASE_STRIP = NO;
				DEBUG_INFORMATION_FORMAT = "dwarf-with-dsym";
				ENABLE_NS_ASSERTIONS = NO;
				ENABLE_STRICT_OBJC_MSGSEND = YES;
				GCC_C_LANGUAGE_STANDARD = gnu99;
				GCC_NO_COMMON_BLOCKS = YES;
				GCC_WARN_64_TO_32_BIT_CONVERSION = YES;
				GCC_WARN_ABOUT_RETURN_TYPE = YES_ERROR;
				GCC_WARN_UNDECLARED_SELECTOR = YES;
				GCC_WARN_UNINITIALIZED_AUTOS = YES_AGGRESSIVE;
				GCC_WARN_UNUSED_FUNCTION = YES;
				GCC_WARN_UNUSED_VARIABLE = YES;
				IPHONEOS_DEPLOYMENT_TARGET = 10.2;
				MTL_ENABLE_DEBUG_INFO = NO;
				SDKROOT = iphoneos;
				SWIFT_OPTIMIZATION_LEVEL = "-Owholemodule";
				TARGETED_DEVICE_FAMILY = "1,2";
				VALIDATE_PRODUCT = YES;
			};
			name = Release;
		};
		C2DEF8C31E11845300AC372A /* Debug */ = {
			isa = XCBuildConfiguration;
			buildSettings = {
				ASSETCATALOG_COMPILER_APPICON_NAME = AppIcon;
				INFOPLIST_FILE = DestroyXandar/Info.plist;
				LD_RUNPATH_SEARCH_PATHS = "$(inherited) @executable_path/Frameworks";
				PRODUCT_BUNDLE_IDENTIFIER = com.example.DestroyXandar;
				PRODUCT_NAME = "$(TARGET_NAME)";
				SWIFT_VERSION = 3.0;
			};
			name = Debug;
		};
		C2DEF8C41E11845300AC372A /* Release */ = {
			isa = XCBuildConfiguration;
			buildSettings = {
				ASSETCATALOG_COMPILER_APPICON_NAME = AppIcon;
				INFOPLIST_FILE = DestroyXandar/Info.plist;
				LD_RUNPATH_SEARCH_PATHS = "$(inherited) @executable_path/Frameworks";
				PRODUCT_BUNDLE_IDENTIFIER = com.example.DestroyXandar;
				PRODUCT_NAME = "$(TARGET_NAME)";
				SWIFT_VERSION = 3.0;
			};
			name = Release;
		};
/* End XCBuildConfiguration section */

/* Begin XCConfigurationList section */
		C2DEF8AB1E11845200AC372A /* Build configuration list for PBXProject "DestroyXandar" */ = {
			isa = XCConfigurationList;
			buildConfigurations = (
				C2DEF8C01E11845300AC372A /* Debug */,
				C2DEF8C11E11845300AC372A /* Release */,
			);
			defaultConfigurationIsVisible = 0;
			defaultConfigurationName = Release;
		};
		C2DEF8C21E11845300AC372A /* Build configuration list for PBXNativeTarget "DestroyXandar" */ = {
			isa = XCConfigurationList;
			buildConfigurations = (
				C2DEF8C31E11845300AC372A /* Debug */,
				C2DEF8C41E11845300AC372A /* Release */,
			);
			defaultConfigurationIsVisible = 0;
		};
/* End XCConfigurationList section */
	};
	rootObject = C2DEF8A81E11845200AC372A /* Project object */;
}
